{
  "requires": true,
  "lockfileVersion": 1,
  "dependencies": {
    "sqlite": {
      "version": "4.0.25",
      "resolved": "https://registry.npmjs.org/sqlite/-/sqlite-4.0.25.tgz",
      "integrity": "sha512-gqCEcLF8FOTeW/na3SRYWLQkw2jZXgVj1DdgRJbm0jvrhnUgBIuNDUUm649AnBNDNHhI5XskwT8dvc8vearRLQ=="
    }
  }
}
